
Microsoft Visual Studio Solution File, Format Version 12.00
# Visual Studio 15
VisualStudioVersion = 15.0.27004.2009
MinimumVisualStudioVersion = 10.0.40219.1
Project("{FAE04EC0-301F-11D3-BF4B-00C04F79EFBC}") = "IdentificandoRostos", "IdentificandoRostos\IdentificandoRostos.csproj", "{392976F5-62AE-4438-B996-D8B1EC01A7DB}"
EndProject
Global
	GlobalSection(SolutionConfigurationPlatforms) = preSolution
		Debug|Any CPU = Debug|Any CPU
		Release|Any CPU = Release|Any CPU
	EndGlobalSection
	GlobalSection(ProjectConfigurationPlatforms) = postSolution
		{392976F5-62AE-4438-B996-D8B1EC01A7DB}.Debug|Any CPU.ActiveCfg = Debug|Any CPU
		{392976F5-62AE-4438-B996-D8B1EC01A7DB}.Debug|Any CPU.Build.0 = Debug|Any CPU
		{392976F5-62AE-4438-B996-D8B1EC01A7DB}.Release|Any CPU.ActiveCfg = Release|Any CPU
		{392976F5-62AE-4438-B996-D8B1EC01A7DB}.Release|Any CPU.Build.0 = Release|Any CPU
	EndGlobalSection
	GlobalSection(SolutionProperties) = preSolution
		HideSolutionNode = FALSE
	EndGlobalSection
	GlobalSection(ExtensibilityGlobals) = postSolution
		SolutionGuid = {AFEEF50E-59B4-4790-A359-F4030E7F4F6A}
	EndGlobalSection
	GlobalSection(TeamFoundationVersionControl) = preSolution
		SccNumberOfProjects = 2
		SccEnterpriseProvider = {4CA58AB2-18FA-4F8D-95D4-32DDF27D184C}
		SccTeamFoundationServer = https://berlim.visualstudio.com/
		SccLocalPath0 = .
		SccProjectUniqueName1 = IdentificandoRostos\\IdentificandoRostos.csproj
		SccProjectName1 = IdentificandoRostos
		SccLocalPath1 = IdentificandoRostos
	EndGlobalSection
EndGlobal
